
Microsoft Visual Studio Solution File, Format Version 12.00
# Visual Studio 2012
Project("{FAE04EC0-301F-11D3-BF4B-00C04F79EFBC}") = "ConsoleApplication", "ConsoleApplication\ConsoleApplication.csproj", "{11950448-E013-4D3D-AC47-0ADA28D6D83F}"
EndProject
Global
	GlobalSection(SolutionConfigurationPlatforms) = preSolution
		Debug|Any CPU = Debug|Any CPU
		Release|Any CPU = Release|Any CPU
	EndGlobalSection
	GlobalSection(ProjectConfigurationPlatforms) = postSolution
		{11950448-E013-4D3D-AC47-0ADA28D6D83F}.Debug|Any CPU.ActiveCfg = Debug|Any CPU
		{11950448-E013-4D3D-AC47-0ADA28D6D83F}.Debug|Any CPU.Build.0 = Debug|Any CPU
		{11950448-E013-4D3D-AC47-0ADA28D6D83F}.Release|Any CPU.ActiveCfg = Release|Any CPU
		{11950448-E013-4D3D-AC47-0ADA28D6D83F}.Release|Any CPU.Build.0 = Release|Any CPU
	EndGlobalSection
	GlobalSection(SolutionProperties) = preSolution
		HideSolutionNode = FALSE
	EndGlobalSection
EndGlobal
