Microsoft Visual Studio Solution File, Format Version 8.00
Project("{FAE04EC0-301F-11D3-BF4B-00C04F79EFBC}") = "IdmNotificationSvc", "IdmNotificationSvc.csproj", "{704D584E-07A1-4BE8-88CD-1D693FAEF58E}"
	ProjectSection(ProjectDependencies) = postProject
	EndProjectSection
EndProject
Global
	GlobalSection(SolutionConfiguration) = preSolution
		Debug = Debug
		Release = Release
	EndGlobalSection
	GlobalSection(ProjectConfiguration) = postSolution
		{704D584E-07A1-4BE8-88CD-1D693FAEF58E}.Debug.ActiveCfg = Debug|.NET
		{704D584E-07A1-4BE8-88CD-1D693FAEF58E}.Debug.Build.0 = Debug|.NET
		{704D584E-07A1-4BE8-88CD-1D693FAEF58E}.Release.ActiveCfg = Release|.NET
		{704D584E-07A1-4BE8-88CD-1D693FAEF58E}.Release.Build.0 = Release|.NET
	EndGlobalSection
	GlobalSection(ExtensibilityGlobals) = postSolution
	EndGlobalSection
	GlobalSection(ExtensibilityAddIns) = postSolution
	EndGlobalSection
EndGlobal
